
Microsoft Visual Studio Solution File, Format Version 12.00
Project("{FAE04EC0-301F-11D3-BF4B-00C04F79EFBC}") = "Lab1", "Lab1\Lab1.csproj", "{5574AC5A-EA1C-4D4E-9AE9-007B2382371C}"
EndProject
Global
	GlobalSection(SolutionConfigurationPlatforms) = preSolution
		Debug|Any CPU = Debug|Any CPU
		Release|Any CPU = Release|Any CPU
	EndGlobalSection
	GlobalSection(ProjectConfigurationPlatforms) = postSolution
		{5574AC5A-EA1C-4D4E-9AE9-007B2382371C}.Debug|Any CPU.ActiveCfg = Debug|Any CPU
		{5574AC5A-EA1C-4D4E-9AE9-007B2382371C}.Debug|Any CPU.Build.0 = Debug|Any CPU
		{5574AC5A-EA1C-4D4E-9AE9-007B2382371C}.Release|Any CPU.ActiveCfg = Release|Any CPU
		{5574AC5A-EA1C-4D4E-9AE9-007B2382371C}.Release|Any CPU.Build.0 = Release|Any CPU
	EndGlobalSection
EndGlobal
